
Microsoft Visual Studio Solution File, Format Version 12.00
# Visual Studio Version 17
VisualStudioVersion = 17.7.34031.279
MinimumVisualStudioVersion = 10.0.40219.1
Project("{9A19103F-16F7-4668-BE54-9A1E7A4F7556}") = "Grind", "Grind\Grind.csproj", "{C8AA5D8C-D81C-4057-B685-F25EC234C03D}"
EndProject
Project("{FAE04EC0-301F-11D3-BF4B-00C04F79EFBC}") = "UnitTestes", "UnitTestes\UnitTestes.csproj", "{C79C9B76-3294-4AA9-8174-F76783C04D93}"
EndProject
Global
	GlobalSection(SolutionConfigurationPlatforms) = preSolution
		Debug|Any CPU = Debug|Any CPU
		Release|Any CPU = Release|Any CPU
	EndGlobalSection
	GlobalSection(ProjectConfigurationPlatforms) = postSolution
		{C8AA5D8C-D81C-4057-B685-F25EC234C03D}.Debug|Any CPU.ActiveCfg = Debug|Any CPU
		{C8AA5D8C-D81C-4057-B685-F25EC234C03D}.Debug|Any CPU.Build.0 = Debug|Any CPU
		{C8AA5D8C-D81C-4057-B685-F25EC234C03D}.Release|Any CPU.ActiveCfg = Release|Any CPU
		{C8AA5D8C-D81C-4057-B685-F25EC234C03D}.Release|Any CPU.Build.0 = Release|Any CPU
		{C79C9B76-3294-4AA9-8174-F76783C04D93}.Debug|Any CPU.ActiveCfg = Debug|Any CPU
		{C79C9B76-3294-4AA9-8174-F76783C04D93}.Debug|Any CPU.Build.0 = Debug|Any CPU
		{C79C9B76-3294-4AA9-8174-F76783C04D93}.Release|Any CPU.ActiveCfg = Release|Any CPU
		{C79C9B76-3294-4AA9-8174-F76783C04D93}.Release|Any CPU.Build.0 = Release|Any CPU
	EndGlobalSection
	GlobalSection(SolutionProperties) = preSolution
		HideSolutionNode = FALSE
	EndGlobalSection
	GlobalSection(ExtensibilityGlobals) = postSolution
		SolutionGuid = {AFE18B80-A666-48AE-B4CC-79CF201A5977}
	EndGlobalSection
EndGlobal
